<?xml version="1.0" encoding="utf-8"?>
<Project ToolsVersion="4.0" xmlns="http://schemas.microsoft.com/developer/msbuild/2003">
  <ItemGroup>
    <Filter Include="Scenes">
      <UniqueIdentifier>{5815f7db-2606-4a9a-bb95-88dfabdda6c1}</UniqueIdentifier>
    </Filter>
    <Filter Include="Game Objects">
      <UniqueIdentifier>{4df01ff0-0e04-4c4d-ac5d-b7efa07fd705}</UniqueIdentifier>
    </Filter>
    <Filter Include="Managers">
      <UniqueIdentifier>{51ce5c17-6a00-499a-87ee-383140ca7329}</UniqueIdentifier>
    </Filter>
    <Filter Include="Enums">
      <UniqueIdentifier>{69bcf506-2bc6-4cdf-8f1d-6d6aff28c8e3}</UniqueIdentifier>
    </Filter>
    <Filter Include="UI Objects">
      <UniqueIdentifier>{13b438a9-fe07-4e57-b35e-8520b0f63a82}</UniqueIdentifier>
    </Filter>
    <Filter Include="Components">
      <UniqueIdentifier>{b7c412c5-8c88-4ab0-9c43-1843d4be5de1}</UniqueIdentifier>
    </Filter>
    <Filter Include="Singletons">
      <UniqueIdentifier>{9203a419-8eff-43d5-ba62-a14ed1c0da55}</UniqueIdentifier>
    </Filter>
    <Filter Include="Core">
      <UniqueIdentifier>{21657abb-080f-4d0e-bc26-e9581cebc5a3}</UniqueIdentifier>
    </Filter>
    <Filter Include="Core\Header">
      <UniqueIdentifier>{723f4cf0-adfa-480e-b98e-5d182fff64dd}</UniqueIdentifier>
    </Filter>
    <Filter Include="Core\Source">
      <UniqueIdentifier>{cce85907-26e4-47e4-b2dd-c7b7815a88dd}</UniqueIdentifier>
    </Filter>
    <Filter Include="Game Objects\Header">
      <UniqueIdentifier>{c8b4404f-7268-4c49-95d7-4b10db4a9b59}</UniqueIdentifier>
    </Filter>
    <Filter Include="Game Objects\Source">
      <UniqueIdentifier>{028d5da8-48df-47e8-8777-f9f2a28a1ac7}</UniqueIdentifier>
    </Filter>
    <Filter Include="Managers\Header">
      <UniqueIdentifier>{8e1d6945-866c-413d-a4db-77cb76d445c8}</UniqueIdentifier>
    </Filter>
    <Filter Include="Managers\Source">
      <UniqueIdentifier>{9971f24d-6702-45f3-91d2-9de1231e02cc}</UniqueIdentifier>
    </Filter>
    <Filter Include="Scenes\Header">
      <UniqueIdentifier>{1af00341-2bf9-450a-9a16-2b37dc649aa6}</UniqueIdentifier>
    </Filter>
    <Filter Include="Scenes\Source">
      <UniqueIdentifier>{8dddab30-e5c7-42af-a840-6724bb021b9b}</UniqueIdentifier>
    </Filter>
    <Filter Include="Singletons\Header">
      <UniqueIdentifier>{38c69268-1512-4390-a2aa-f6c3e3e12b2d}</UniqueIdentifier>
    </Filter>
    <Filter Include="Singletons\Source">
      <UniqueIdentifier>{f9272373-d51f-4303-88fe-3a7b7ccbd074}</UniqueIdentifier>
    </Filter>
    <Filter Include="UI Objects\Header">
      <UniqueIdentifier>{17058136-1f6f-407c-9bc7-e2b0629f9ba0}</UniqueIdentifier>
    </Filter>
    <Filter Include="UI Objects\Source">
      <UniqueIdentifier>{6eb79d12-cdc0-4728-a925-917ef13e9a4d}</UniqueIdentifier>
    </Filter>
  </ItemGroup>
  <ItemGroup>
    <ClCompile Include="..\src\Label.cpp">
      <Filter>UI Objects\Source</Filter>
    </ClCompile>
    <ClCompile Include="..\src\Button.cpp">
      <Filter>UI Objects\Source</Filter>
    </ClCompile>
    <ClCompile Include="..\src\Renderer.cpp">
      <Filter>Singletons\Source</Filter>
    </ClCompile>
    <ClCompile Include="..\src\Game.cpp">
      <Filter>Singletons\Source</Filter>
    </ClCompile>
    <ClCompile Include="..\src\StartScene.cpp">
      <Filter>Scenes\Source</Filter>
    </ClCompile>
    <ClCompile Include="..\src\EndScene.cpp">
      <Filter>Scenes\Source</Filter>
    </ClCompile>
    <ClCompile Include="..\src\TextureManager.cpp">
      <Filter>Managers\Source</Filter>
    </ClCompile>
    <ClCompile Include="..\src\SoundManager.cpp">
      <Filter>Managers\Source</Filter>
    </ClCompile>
    <ClCompile Include="..\src\FontManager.cpp">
      <Filter>Managers\Source</Filter>
    </ClCompile>
    <ClCompile Include="..\src\EventManager.cpp">
      <Filter>Managers\Source</Filter>
    </ClCompile>
    <ClCompile Include="..\src\CollisionManager.cpp">
      <Filter>Managers\Source</Filter>
    </ClCompile>
    <ClCompile Include="..\src\Target.cpp">
      <Filter>Game Objects\Source</Filter>
    </ClCompile>
    <ClCompile Include="..\src\ship.cpp">
      <Filter>Game Objects\Source</Filter>
    </ClCompile>
    <ClCompile Include="..\src\Player.cpp">
      <Filter>Game Objects\Source</Filter>
    </ClCompile>
    <ClCompile Include="..\src\Enemy.cpp">
      <Filter>Game Objects\Source</Filter>
    </ClCompile>
    <ClCompile Include="..\src\DisplayObject.cpp">
      <Filter>Core\Source</Filter>
    </ClCompile>
    <ClCompile Include="..\src\GameController.cpp">
      <Filter>Core\Source</Filter>
    </ClCompile>
    <ClCompile Include="..\src\GameObject.cpp">
      <Filter>Core\Source</Filter>
    </ClCompile>
    <ClCompile Include="..\src\main.cpp">
      <Filter>Core\Source</Filter>
    </ClCompile>
    <ClCompile Include="..\src\Scene.cpp">
      <Filter>Core\Source</Filter>
    </ClCompile>
    <ClCompile Include="..\src\Sprite.cpp">
      <Filter>Core\Source</Filter>
    </ClCompile>
    <ClCompile Include="..\src\SpriteSheet.cpp">
      <Filter>Core\Source</Filter>
    </ClCompile>
    <ClCompile Include="..\src\UIControl.cpp">
      <Filter>Core\Source</Filter>
    </ClCompile>
    <ClCompile Include="..\src\Util.cpp">
      <Filter>Core\Source</Filter>
    </ClCompile>
    <ClCompile Include="..\src\WayPoint.cpp">
      <Filter>Game Objects\Source</Filter>
    </ClCompile>
    <ClCompile Include="..\src\Background.cpp">
      <Filter>UI Objects\Source</Filter>
    </ClCompile>
    <ClCompile Include="..\src\Scene1.cpp">
      <Filter>Scenes\Source</Filter>
    </ClCompile>
    <ClCompile Include="..\src\Bullet.cpp">
      <Filter>Game Objects\Source</Filter>
    </ClCompile>
    <ClCompile Include="..\src\ObjectPoolManager.cpp">
      <Filter>Managers\Source</Filter>
    </ClCompile>
  </ItemGroup>
  <ItemGroup>
    <ClInclude Include="..\src\GameObjectType.h">
      <Filter>Enums</Filter>
    </ClInclude>
    <ClInclude Include="..\src\SceneState.h">
      <Filter>Enums</Filter>
    </ClInclude>
    <ClInclude Include="..\src\PlayerAnimationState.h">
      <Filter>Enums</Filter>
    </ClInclude>
    <ClInclude Include="..\src\CollisionShape.h">
      <Filter>Enums</Filter>
    </ClInclude>
    <ClInclude Include="..\src\ShapeType.h">
      <Filter>Enums</Filter>
    </ClInclude>
    <ClInclude Include="..\src\Event.h">
      <Filter>Enums</Filter>
    </ClInclude>
    <ClInclude Include="..\src\Transform.h">
      <Filter>Components</Filter>
    </ClInclude>
    <ClInclude Include="..\src\RigidBody.h">
      <Filter>Components</Filter>
    </ClInclude>
    <ClInclude Include="..\src\MouseButtons.h">
      <Filter>Enums</Filter>
    </ClInclude>
    <ClInclude Include="..\src\SoundType.h">
      <Filter>Enums</Filter>
    </ClInclude>
    <ClInclude Include="..\src\Button.h">
      <Filter>UI Objects\Header</Filter>
    </ClInclude>
    <ClInclude Include="..\src\Label.h">
      <Filter>UI Objects\Header</Filter>
    </ClInclude>
    <ClInclude Include="..\src\Game.h">
      <Filter>Singletons\Header</Filter>
    </ClInclude>
    <ClInclude Include="..\src\Renderer.h">
      <Filter>Singletons\Header</Filter>
    </ClInclude>
    <ClInclude Include="..\src\EndScene.h">
      <Filter>Scenes\Header</Filter>
    </ClInclude>
    <ClInclude Include="..\src\StartScene.h">
      <Filter>Scenes\Header</Filter>
    </ClInclude>
    <ClInclude Include="..\src\TextureManager.h">
      <Filter>Managers\Header</Filter>
    </ClInclude>
    <ClInclude Include="..\src\SoundManager.h">
      <Filter>Managers\Header</Filter>
    </ClInclude>
    <ClInclude Include="..\src\FontManager.h">
      <Filter>Managers\Header</Filter>
    </ClInclude>
    <ClInclude Include="..\src\EventManager.h">
      <Filter>Managers\Header</Filter>
    </ClInclude>
    <ClInclude Include="..\src\CollisionManager.h">
      <Filter>Managers\Header</Filter>
    </ClInclude>
    <ClInclude Include="..\src\Enemy.h">
      <Filter>Game Objects\Header</Filter>
    </ClInclude>
    <ClInclude Include="..\src\Player.h">
      <Filter>Game Objects\Header</Filter>
    </ClInclude>
    <ClInclude Include="..\src\ship.h">
      <Filter>Game Objects\Header</Filter>
    </ClInclude>
    <ClInclude Include="..\src\Target.h">
      <Filter>Game Objects\Header</Filter>
    </ClInclude>
    <ClInclude Include="..\src\Animation.h">
      <Filter>Core\Header</Filter>
    </ClInclude>
    <ClInclude Include="..\src\Config.h">
      <Filter>Core\Header</Filter>
    </ClInclude>
    <ClInclude Include="..\src\DisplayObject.h">
      <Filter>Core\Header</Filter>
    </ClInclude>
    <ClInclude Include="..\src\Frame.h">
      <Filter>Core\Header</Filter>
    </ClInclude>
    <ClInclude Include="..\src\GameController.h">
      <Filter>Core\Header</Filter>
    </ClInclude>
    <ClInclude Include="..\src\GameObject.h">
      <Filter>Core\Header</Filter>
    </ClInclude>
    <ClInclude Include="..\src\Scene.h">
      <Filter>Core\Header</Filter>
    </ClInclude>
    <ClInclude Include="..\src\Sprite.h">
      <Filter>Core\Header</Filter>
    </ClInclude>
    <ClInclude Include="..\src\SpriteSheet.h">
      <Filter>Core\Header</Filter>
    </ClInclude>
    <ClInclude Include="..\src\UIControl.h">
      <Filter>Core\Header</Filter>
    </ClInclude>
    <ClInclude Include="..\src\Util.h">
      <Filter>Core\Header</Filter>
    </ClInclude>
    <ClInclude Include="..\src\WayPoint.h">
      <Filter>Game Objects\Header</Filter>
    </ClInclude>
    <ClInclude Include="..\src\Background.h">
      <Filter>UI Objects\Header</Filter>
    </ClInclude>
    <ClInclude Include="..\src\Scene1.h">
      <Filter>Scenes\Header</Filter>
    </ClInclude>
    <ClInclude Include="..\src\Bullet.h">
      <Filter>Game Objects\Header</Filter>
    </ClInclude>
    <ClInclude Include="..\src\ObjectPoolManager.h">
      <Filter>Managers\Header</Filter>
    </ClInclude>
  </ItemGroup>
</Project>